
Microsoft Visual Studio Solution File, Format Version 12.00
# Visual Studio Version 16
VisualStudioVersion = 16.0.34601.136
MinimumVisualStudioVersion = 10.0.40219.1
Project("{FAE04EC0-301F-11D3-BF4B-00C04F79EFBC}") = "MethodsStage3", "MethodsStage3\MethodsStage3.csproj", "{DC7580E4-C3A0-4DBD-878F-9B498C9E5D71}"
EndProject
Global
	GlobalSection(SolutionConfigurationPlatforms) = preSolution
		Debug|Any CPU = Debug|Any CPU
		Release|Any CPU = Release|Any CPU
	EndGlobalSection
	GlobalSection(ProjectConfigurationPlatforms) = postSolution
		{DC7580E4-C3A0-4DBD-878F-9B498C9E5D71}.Debug|Any CPU.ActiveCfg = Debug|Any CPU
		{DC7580E4-C3A0-4DBD-878F-9B498C9E5D71}.Debug|Any CPU.Build.0 = Debug|Any CPU
		{DC7580E4-C3A0-4DBD-878F-9B498C9E5D71}.Release|Any CPU.ActiveCfg = Release|Any CPU
		{DC7580E4-C3A0-4DBD-878F-9B498C9E5D71}.Release|Any CPU.Build.0 = Release|Any CPU
	EndGlobalSection
	GlobalSection(SolutionProperties) = preSolution
		HideSolutionNode = FALSE
	EndGlobalSection
	GlobalSection(ExtensibilityGlobals) = postSolution
		SolutionGuid = {46ADD494-3FFF-4253-B28B-FED18D0F5C08}
	EndGlobalSection
EndGlobal
