
Microsoft Visual Studio Solution File, Format Version 12.00
# Visual Studio Version 16
VisualStudioVersion = 16.0.34601.136
MinimumVisualStudioVersion = 10.0.40219.1
Project("{FAE04EC0-301F-11D3-BF4B-00C04F79EFBC}") = "ThisFundamentals", "ThisFundamentals\ThisFundamentals.csproj", "{44A34BF2-190C-4588-8BF9-8EBB1F034A04}"
EndProject
Global
	GlobalSection(SolutionConfigurationPlatforms) = preSolution
		Debug|Any CPU = Debug|Any CPU
		Release|Any CPU = Release|Any CPU
	EndGlobalSection
	GlobalSection(ProjectConfigurationPlatforms) = postSolution
		{44A34BF2-190C-4588-8BF9-8EBB1F034A04}.Debug|Any CPU.ActiveCfg = Debug|Any CPU
		{44A34BF2-190C-4588-8BF9-8EBB1F034A04}.Debug|Any CPU.Build.0 = Debug|Any CPU
		{44A34BF2-190C-4588-8BF9-8EBB1F034A04}.Release|Any CPU.ActiveCfg = Release|Any CPU
		{44A34BF2-190C-4588-8BF9-8EBB1F034A04}.Release|Any CPU.Build.0 = Release|Any CPU
	EndGlobalSection
	GlobalSection(SolutionProperties) = preSolution
		HideSolutionNode = FALSE
	EndGlobalSection
	GlobalSection(ExtensibilityGlobals) = postSolution
		SolutionGuid = {2AC1340B-7055-4A17-9FC3-927B4BE758DC}
	EndGlobalSection
EndGlobal
