
Microsoft Visual Studio Solution File, Format Version 12.00
# Visual Studio Version 16
VisualStudioVersion = 16.0.34601.136
MinimumVisualStudioVersion = 10.0.40219.1
Project("{FAE04EC0-301F-11D3-BF4B-00C04F79EFBC}") = "Inheritance", "Inheritance\Inheritance.csproj", "{733A6711-B2B2-4A5C-A15D-0AF23010F851}"
EndProject
Project("{FAE04EC0-301F-11D3-BF4B-00C04F79EFBC}") = "UpCastingDownCast", "UpCastingDownCast\UpCastingDownCast.csproj", "{BF7860D6-1144-4550-BD95-FF1A68410FF6}"
EndProject
Global
	GlobalSection(SolutionConfigurationPlatforms) = preSolution
		Debug|Any CPU = Debug|Any CPU
		Release|Any CPU = Release|Any CPU
	EndGlobalSection
	GlobalSection(ProjectConfigurationPlatforms) = postSolution
		{733A6711-B2B2-4A5C-A15D-0AF23010F851}.Debug|Any CPU.ActiveCfg = Debug|Any CPU
		{733A6711-B2B2-4A5C-A15D-0AF23010F851}.Debug|Any CPU.Build.0 = Debug|Any CPU
		{733A6711-B2B2-4A5C-A15D-0AF23010F851}.Release|Any CPU.ActiveCfg = Release|Any CPU
		{733A6711-B2B2-4A5C-A15D-0AF23010F851}.Release|Any CPU.Build.0 = Release|Any CPU
		{BF7860D6-1144-4550-BD95-FF1A68410FF6}.Debug|Any CPU.ActiveCfg = Debug|Any CPU
		{BF7860D6-1144-4550-BD95-FF1A68410FF6}.Debug|Any CPU.Build.0 = Debug|Any CPU
		{BF7860D6-1144-4550-BD95-FF1A68410FF6}.Release|Any CPU.ActiveCfg = Release|Any CPU
		{BF7860D6-1144-4550-BD95-FF1A68410FF6}.Release|Any CPU.Build.0 = Release|Any CPU
	EndGlobalSection
	GlobalSection(SolutionProperties) = preSolution
		HideSolutionNode = FALSE
	EndGlobalSection
	GlobalSection(ExtensibilityGlobals) = postSolution
		SolutionGuid = {A12BD094-7130-45E8-80BE-B930FFB4A236}
	EndGlobalSection
EndGlobal
